{
  "object": {
    "pins": [
      {
        "package": "TINURecovery",
        "repositoryURL": "https://github.com/ITzTravelInTime/TINURecovery",
        "state": {
          "branch": null,
          "revision": "94d7e7afd5299718f5f8a13350a7aaba5d97d72d",
          "version": "1.0.1"
        }
      }
    ]
  },
  "version": 1
}
