{
  "object": {
    "pins": [
      {
        "package": "TINURecovery",
        "repositoryURL": "https://github.com/ITzTravelInTime/TINURecovery",
        "state": {
          "branch": null,
          "revision": "0747f450eba2923b7b262890bf1c6431285197b3",
          "version": "2.0.0"
        }
      }
    ]
  },
  "version": 1
}
